// !$*UTF8*$!
{
	archiveVersion = 1;
	classes = {
	};
	objectVersion = 56;
	objects = {

/* Begin PBXBuildFile section */
		DDA6E8542CAC7281001E9E53 /* PhotoExplorerApp.swift in Sources */ = {isa = PBXBuildFile; fileRef = DDA6E8532CAC7281001E9E53 /* PhotoExplorerApp.swift */; };
		DDA6E8562CAC7281001E9E53 /* ContentView.swift in Sources */ = {isa = PBXBuildFile; fileRef = DDA6E8552CAC7281001E9E53 /* ContentView.swift */; };
		DDA6E8582CAC7281001E9E53 /* Item.swift in Sources */ = {isa = PBXBuildFile; fileRef = DDA6E8572CAC7281001E9E53 /* Item.swift */; };
		DDA6E85A2CAC7283001E9E53 /* Assets.xcassets in Resources */ = {isa = PBXBuildFile; fileRef = DDA6E8592CAC7283001E9E53 /* Assets.xcassets */; };
		DDA6E85D2CAC7283001E9E53 /* Preview Assets.xcassets in Resources */ = {isa = PBXBuildFile; fileRef = DDA6E85C2CAC7283001E9E53 /* Preview Assets.xcassets */; };
		DDA6E8672CAC7284001E9E53 /* PhotoExplorerTests.swift in Sources */ = {isa = PBXBuildFile; fileRef = DDA6E8662CAC7284001E9E53 /* PhotoExplorerTests.swift */; };
		DDA6E8712CAC7284001E9E53 /* PhotoExplorerUITests.swift in Sources */ = {isa = PBXBuildFile; fileRef = DDA6E8702CAC7284001E9E53 /* PhotoExplorerUITests.swift */; };
		DDA6E8732CAC7284001E9E53 /* PhotoExplorerUITestsLaunchTests.swift in Sources */ = {isa = PBXBuildFile; fileRef = DDA6E8722CAC7284001E9E53 /* PhotoExplorerUITestsLaunchTests.swift */; };
/* End PBXBuildFile section */

/* Begin PBXContainerItemProxy section */
		DDA6E8632CAC7284001E9E53 /* PBXContainerItemProxy */ = {
			isa = PBXContainerItemProxy;
			containerPortal = DDA6E8482CAC7281001E9E53 /* Project object */;
			proxyType = 1;
			remoteGlobalIDString = DDA6E84F2CAC7281001E9E53;
			remoteInfo = PhotoExplorer;
		};
		DDA6E86D2CAC7284001E9E53 /* PBXContainerItemProxy */ = {
			isa = PBXContainerItemProxy;
			containerPortal = DDA6E8482CAC7281001E9E53 /* Project object */;
			proxyType = 1;
			remoteGlobalIDString = DDA6E84F2CAC7281001E9E53;
			remoteInfo = PhotoExplorer;
		};
/* End PBXContainerItemProxy section */

/* Begin PBXFileReference section */
		DDA6E8502CAC7281001E9E53 /* PhotoExplorer.app */ = {isa = PBXFileReference; explicitFileType = wrapper.application; includeInIndex = 0; path = PhotoExplorer.app; sourceTree = BUILT_PRODUCTS_DIR; };
		DDA6E8532CAC7281001E9E53 /* PhotoExplorerApp.swift */ = {isa = PBXFileReference; lastKnownFileType = sourcecode.swift; path = PhotoExplorerApp.swift; sourceTree = "<group>"; };
		DDA6E8552CAC7281001E9E53 /* ContentView.swift */ = {isa = PBXFileReference; lastKnownFileType = sourcecode.swift; path = ContentView.swift; sourceTree = "<group>"; };
		DDA6E8572CAC7281001E9E53 /* Item.swift */ = {isa = PBXFileReference; lastKnownFileType = sourcecode.swift; path = Item.swift; sourceTree = "<group>"; };
		DDA6E8592CAC7283001E9E53 /* Assets.xcassets */ = {isa = PBXFileReference; lastKnownFileType = folder.assetcatalog; path = Assets.xcassets; sourceTree = "<group>"; };
		DDA6E85C2CAC7283001E9E53 /* Preview Assets.xcassets */ = {isa = PBXFileReference; lastKnownFileType = folder.assetcatalog; path = "Preview Assets.xcassets"; sourceTree = "<group>"; };
		DDA6E8622CAC7284001E9E53 /* PhotoExplorerTests.xctest */ = {isa = PBXFileReference; explicitFileType = wrapper.cfbundle; includeInIndex = 0; path = PhotoExplorerTests.xctest; sourceTree = BUILT_PRODUCTS_DIR; };
		DDA6E8662CAC7284001E9E53 /* PhotoExplorerTests.swift */ = {isa = PBXFileReference; lastKnownFileType = sourcecode.swift; path = PhotoExplorerTests.swift; sourceTree = "<group>"; };
		DDA6E86C2CAC7284001E9E53 /* PhotoExplorerUITests.xctest */ = {isa = PBXFileReference; explicitFileType = wrapper.cfbundle; includeInIndex = 0; path = PhotoExplorerUITests.xctest; sourceTree = BUILT_PRODUCTS_DIR; };
		DDA6E8702CAC7284001E9E53 /* PhotoExplorerUITests.swift */ = {isa = PBXFileReference; lastKnownFileType = sourcecode.swift; path = PhotoExplorerUITests.swift; sourceTree = "<group>"; };
		DDA6E8722CAC7284001E9E53 /* PhotoExplorerUITestsLaunchTests.swift */ = {isa = PBXFileReference; lastKnownFileType = sourcecode.swift; path = PhotoExplorerUITestsLaunchTests.swift; sourceTree = "<group>"; };
/* End PBXFileReference section */

/* Begin PBXFrameworksBuildPhase section */
		DDA6E84D2CAC7281001E9E53 /* Frameworks */ = {
			isa = PBXFrameworksBuildPhase;
			buildActionMask = 2147483647;
			files = (
			);
			runOnlyForDeploymentPostprocessing = 0;
		};
		DDA6E85F2CAC7284001E9E53 /* Frameworks */ = {
			isa = PBXFrameworksBuildPhase;
			buildActionMask = 2147483647;
			files = (
			);
			runOnlyForDeploymentPostprocessing = 0;
		};
		DDA6E8692CAC7284001E9E53 /* Frameworks */ = {
			isa = PBXFrameworksBuildPhase;
			buildActionMask = 2147483647;
			files = (
			);
			runOnlyForDeploymentPostprocessing = 0;
		};
/* End PBXFrameworksBuildPhase section */

/* Begin PBXGroup section */
		DDA6E8472CAC7281001E9E53 = {
			isa = PBXGroup;
			children = (
				DDA6E8522CAC7281001E9E53 /* PhotoExplorer */,
				DDA6E8652CAC7284001E9E53 /* PhotoExplorerTests */,
				DDA6E86F2CAC7284001E9E53 /* PhotoExplorerUITests */,
				DDA6E8512CAC7281001E9E53 /* Products */,
			);
			sourceTree = "<group>";
		};
		DDA6E8512CAC7281001E9E53 /* Products */ = {
			isa = PBXGroup;
			children = (
				DDA6E8502CAC7281001E9E53 /* PhotoExplorer.app */,
				DDA6E8622CAC7284001E9E53 /* PhotoExplorerTests.xctest */,
				DDA6E86C2CAC7284001E9E53 /* PhotoExplorerUITests.xctest */,
			);
			name = Products;
			sourceTree = "<group>";
		};
		DDA6E8522CAC7281001E9E53 /* PhotoExplorer */ = {
			isa = PBXGroup;
			children = (
				DDA6E8532CAC7281001E9E53 /* PhotoExplorerApp.swift */,
				DDA6E8552CAC7281001E9E53 /* ContentView.swift */,
				DDA6E8572CAC7281001E9E53 /* Item.swift */,
				DDA6E8592CAC7283001E9E53 /* Assets.xcassets */,
				DDA6E85B2CAC7283001E9E53 /* Preview Content */,
			);
			path = PhotoExplorer;
			sourceTree = "<group>";
		};
		DDA6E85B2CAC7283001E9E53 /* Preview Content */ = {
			isa = PBXGroup;
			children = (
				DDA6E85C2CAC7283001E9E53 /* Preview Assets.xcassets */,
			);
			path = "Preview Content";
			sourceTree = "<group>";
		};
		DDA6E8652CAC7284001E9E53 /* PhotoExplorerTests */ = {
			isa = PBXGroup;
			children = (
				DDA6E8662CAC7284001E9E53 /* PhotoExplorerTests.swift */,
			);
			path = PhotoExplorerTests;
			sourceTree = "<group>";
		};
		DDA6E86F2CAC7284001E9E53 /* PhotoExplorerUITests */ = {
			isa = PBXGroup;
			children = (
				DDA6E8702CAC7284001E9E53 /* PhotoExplorerUITests.swift */,
				DDA6E8722CAC7284001E9E53 /* PhotoExplorerUITestsLaunchTests.swift */,
			);
			path = PhotoExplorerUITests;
			sourceTree = "<group>";
		};
/* End PBXGroup section */

/* Begin PBXNativeTarget section */
		DDA6E84F2CAC7281001E9E53 /* PhotoExplorer */ = {
			isa = PBXNativeTarget;
			buildConfigurationList = DDA6E8762CAC7284001E9E53 /* Build configuration list for PBXNativeTarget "PhotoExplorer" */;
			buildPhases = (
				DDA6E84C2CAC7281001E9E53 /* Sources */,
				DDA6E84D2CAC7281001E9E53 /* Frameworks */,
				DDA6E84E2CAC7281001E9E53 /* Resources */,
			);
			buildRules = (
			);
			dependencies = (
			);
			name = PhotoExplorer;
			productName = PhotoExplorer;
			productReference = DDA6E8502CAC7281001E9E53 /* PhotoExplorer.app */;
			productType = "com.apple.product-type.application";
		};
		DDA6E8612CAC7284001E9E53 /* PhotoExplorerTests */ = {
			isa = PBXNativeTarget;
			buildConfigurationList = DDA6E8792CAC7284001E9E53 /* Build configuration list for PBXNativeTarget "PhotoExplorerTests" */;
			buildPhases = (
				DDA6E85E2CAC7284001E9E53 /* Sources */,
				DDA6E85F2CAC7284001E9E53 /* Frameworks */,
				DDA6E8602CAC7284001E9E53 /* Resources */,
			);
			buildRules = (
			);
			dependencies = (
				DDA6E8642CAC7284001E9E53 /* PBXTargetDependency */,
			);
			name = PhotoExplorerTests;
			productName = PhotoExplorerTests;
			productReference = DDA6E8622CAC7284001E9E53 /* PhotoExplorerTests.xctest */;
			productType = "com.apple.product-type.bundle.unit-test";
		};
		DDA6E86B2CAC7284001E9E53 /* PhotoExplorerUITests */ = {
			isa = PBXNativeTarget;
			buildConfigurationList = DDA6E87C2CAC7284001E9E53 /* Build configuration list for PBXNativeTarget "PhotoExplorerUITests" */;
			buildPhases = (
				DDA6E8682CAC7284001E9E53 /* Sources */,
				DDA6E8692CAC7284001E9E53 /* Frameworks */,
				DDA6E86A2CAC7284001E9E53 /* Resources */,
			);
			buildRules = (
			);
			dependencies = (
				DDA6E86E2CAC7284001E9E53 /* PBXTargetDependency */,
			);
			name = PhotoExplorerUITests;
			productName = PhotoExplorerUITests;
			productReference = DDA6E86C2CAC7284001E9E53 /* PhotoExplorerUITests.xctest */;
			productType = "com.apple.product-type.bundle.ui-testing";
		};
/* End PBXNativeTarget section */

/* Begin PBXProject section */
		DDA6E8482CAC7281001E9E53 /* Project object */ = {
			isa = PBXProject;
			attributes = {
				BuildIndependentTargetsInParallel = 1;
				LastSwiftUpdateCheck = 1520;
				LastUpgradeCheck = 1520;
				TargetAttributes = {
					DDA6E84F2CAC7281001E9E53 = {
						CreatedOnToolsVersion = 15.2;
					};
					DDA6E8612CAC7284001E9E53 = {
						CreatedOnToolsVersion = 15.2;
						TestTargetID = DDA6E84F2CAC7281001E9E53;
					};
					DDA6E86B2CAC7284001E9E53 = {
						CreatedOnToolsVersion = 15.2;
						TestTargetID = DDA6E84F2CAC7281001E9E53;
					};
				};
			};
			buildConfigurationList = DDA6E84B2CAC7281001E9E53 /* Build configuration list for PBXProject "PhotoExplorer" */;
			compatibilityVersion = "Xcode 14.0";
			developmentRegion = en;
			hasScannedForEncodings = 0;
			knownRegions = (
				en,
				Base,
			);
			mainGroup = DDA6E8472CAC7281001E9E53;
			productRefGroup = DDA6E8512CAC7281001E9E53 /* Products */;
			projectDirPath = "";
			projectRoot = "";
			targets = (
				DDA6E84F2CAC7281001E9E53 /* PhotoExplorer */,
				DDA6E8612CAC7284001E9E53 /* PhotoExplorerTests */,
				DDA6E86B2CAC7284001E9E53 /* PhotoExplorerUITests */,
			);
		};
/* End PBXProject section */

/* Begin PBXResourcesBuildPhase section */
		DDA6E84E2CAC7281001E9E53 /* Resources */ = {
			isa = PBXResourcesBuildPhase;
			buildActionMask = 2147483647;
			files = (
				DDA6E85D2CAC7283001E9E53 /* Preview Assets.xcassets in Resources */,
				DDA6E85A2CAC7283001E9E53 /* Assets.xcassets in Resources */,
			);
			runOnlyForDeploymentPostprocessing = 0;
		};
		DDA6E8602CAC7284001E9E53 /* Resources */ = {
			isa = PBXResourcesBuildPhase;
			buildActionMask = 2147483647;
			files = (
			);
			runOnlyForDeploymentPostprocessing = 0;
		};
		DDA6E86A2CAC7284001E9E53 /* Resources */ = {
			isa = PBXResourcesBuildPhase;
			buildActionMask = 2147483647;
			files = (
			);
			runOnlyForDeploymentPostprocessing = 0;
		};
/* End PBXResourcesBuildPhase section */

/* Begin PBXSourcesBuildPhase section */
		DDA6E84C2CAC7281001E9E53 /* Sources */ = {
			isa = PBXSourcesBuildPhase;
			buildActionMask = 2147483647;
			files = (
				DDA6E8562CAC7281001E9E53 /* ContentView.swift in Sources */,
				DDA6E8582CAC7281001E9E53 /* Item.swift in Sources */,
				DDA6E8542CAC7281001E9E53 /* PhotoExplorerApp.swift in Sources */,
			);
			runOnlyForDeploymentPostprocessing = 0;
		};
		DDA6E85E2CAC7284001E9E53 /* Sources */ = {
			isa = PBXSourcesBuildPhase;
			buildActionMask = 2147483647;
			files = (
				DDA6E8672CAC7284001E9E53 /* PhotoExplorerTests.swift in Sources */,
			);
			runOnlyForDeploymentPostprocessing = 0;
		};
		DDA6E8682CAC7284001E9E53 /* Sources */ = {
			isa = PBXSourcesBuildPhase;
			buildActionMask = 2147483647;
			files = (
				DDA6E8732CAC7284001E9E53 /* PhotoExplorerUITestsLaunchTests.swift in Sources */,
				DDA6E8712CAC7284001E9E53 /* PhotoExplorerUITests.swift in Sources */,
			);
			runOnlyForDeploymentPostprocessing = 0;
		};
/* End PBXSourcesBuildPhase section */

/* Begin PBXTargetDependency section */
		DDA6E8642CAC7284001E9E53 /* PBXTargetDependency */ = {
			isa = PBXTargetDependency;
			target = DDA6E84F2CAC7281001E9E53 /* PhotoExplorer */;
			targetProxy = DDA6E8632CAC7284001E9E53 /* PBXContainerItemProxy */;
		};
		DDA6E86E2CAC7284001E9E53 /* PBXTargetDependency */ = {
			isa = PBXTargetDependency;
			target = DDA6E84F2CAC7281001E9E53 /* PhotoExplorer */;
			targetProxy = DDA6E86D2CAC7284001E9E53 /* PBXContainerItemProxy */;
		};
/* End PBXTargetDependency section */

/* Begin XCBuildConfiguration section */
		DDA6E8742CAC7284001E9E53 /* Debug */ = {
			isa = XCBuildConfiguration;
			buildSettings = {
				ALWAYS_SEARCH_USER_PATHS = NO;
				ASSETCATALOG_COMPILER_GENERATE_SWIFT_ASSET_SYMBOL_EXTENSIONS = YES;
				CLANG_ANALYZER_NONNULL = YES;
				CLANG_ANALYZER_NUMBER_OBJECT_CONVERSION = YES_AGGRESSIVE;
				CLANG_CXX_LANGUAGE_STANDARD = "gnu++20";
				CLANG_ENABLE_MODULES = YES;
				CLANG_ENABLE_OBJC_ARC = YES;
				CLANG_ENABLE_OBJC_WEAK = YES;
				CLANG_WARN_BLOCK_CAPTURE_AUTORELEASING = YES;
				CLANG_WARN_BOOL_CONVERSION = YES;
				CLANG_WARN_COMMA = YES;
				CLANG_WARN_CONSTANT_CONVERSION = YES;
				CLANG_WARN_DEPRECATED_OBJC_IMPLEMENTATIONS = YES;
				CLANG_WARN_DIRECT_OBJC_ISA_USAGE = YES_ERROR;
				CLANG_WARN_DOCUMENTATION_COMMENTS = YES;
				CLANG_WARN_EMPTY_BODY = YES;
				CLANG_WARN_ENUM_CONVERSION = YES;
				CLANG_WARN_INFINITE_RECURSION = YES;
				CLANG_WARN_INT_CONVERSION = YES;
				CLANG_WARN_NON_LITERAL_NULL_CONVERSION = YES;
				CLANG_WARN_OBJC_IMPLICIT_RETAIN_SELF = YES;
				CLANG_WARN_OBJC_LITERAL_CONVERSION = YES;
				CLANG_WARN_OBJC_ROOT_CLASS = YES_ERROR;
				CLANG_WARN_QUOTED_INCLUDE_IN_FRAMEWORK_HEADER = YES;
				CLANG_WARN_RANGE_LOOP_ANALYSIS = YES;
				CLANG_WARN_STRICT_PROTOTYPES = YES;
				CLANG_WARN_SUSPICIOUS_MOVE = YES;
				CLANG_WARN_UNGUARDED_AVAILABILITY = YES_AGGRESSIVE;
				CLANG_WARN_UNREACHABLE_CODE = YES;
				CLANG_WARN__DUPLICATE_METHOD_MATCH = YES;
				COPY_PHASE_STRIP = NO;
				DEBUG_INFORMATION_FORMAT = dwarf;
				ENABLE_STRICT_OBJC_MSGSEND = YES;
				ENABLE_TESTABILITY = YES;
				ENABLE_USER_SCRIPT_SANDBOXING = YES;
				GCC_C_LANGUAGE_STANDARD = gnu17;
				GCC_DYNAMIC_NO_PIC = NO;
				GCC_NO_COMMON_BLOCKS = YES;
				GCC_OPTIMIZATION_LEVEL = 0;
				GCC_PREPROCESSOR_DEFINITIONS = (
					"DEBUG=1",
					"$(inherited)",
				);
				GCC_WARN_64_TO_32_BIT_CONVERSION = YES;
				GCC_WARN_ABOUT_RETURN_TYPE = YES_ERROR;
				GCC_WARN_UNDECLARED_SELECTOR = YES;
				GCC_WARN_UNINITIALIZED_AUTOS = YES_AGGRESSIVE;
				GCC_WARN_UNUSED_FUNCTION = YES;
				GCC_WARN_UNUSED_VARIABLE = YES;
				IPHONEOS_DEPLOYMENT_TARGET = 17.2;
				LOCALIZATION_PREFERS_STRING_CATALOGS = YES;
				MTL_ENABLE_DEBUG_INFO = INCLUDE_SOURCE;
				MTL_FAST_MATH = YES;
				ONLY_ACTIVE_ARCH = YES;
				SDKROOT = iphoneos;
				SWIFT_ACTIVE_COMPILATION_CONDITIONS = "DEBUG $(inherited)";
				SWIFT_OPTIMIZATION_LEVEL = "-Onone";
			};
			name = Debug;
		};
		DDA6E8752CAC7284001E9E53 /* Release */ = {
			isa = XCBuildConfiguration;
			buildSettings = {
				ALWAYS_SEARCH_USER_PATHS = NO;
				ASSETCATALOG_COMPILER_GENERATE_SWIFT_ASSET_SYMBOL_EXTENSIONS = YES;
				CLANG_ANALYZER_NONNULL = YES;
				CLANG_ANALYZER_NUMBER_OBJECT_CONVERSION = YES_AGGRESSIVE;
				CLANG_CXX_LANGUAGE_STANDARD = "gnu++20";
				CLANG_ENABLE_MODULES = YES;
				CLANG_ENABLE_OBJC_ARC = YES;
				CLANG_ENABLE_OBJC_WEAK = YES;
				CLANG_WARN_BLOCK_CAPTURE_AUTORELEASING = YES;
				CLANG_WARN_BOOL_CONVERSION = YES;
				CLANG_WARN_COMMA = YES;
				CLANG_WARN_CONSTANT_CONVERSION = YES;
				CLANG_WARN_DEPRECATED_OBJC_IMPLEMENTATIONS = YES;
				CLANG_WARN_DIRECT_OBJC_ISA_USAGE = YES_ERROR;
				CLANG_WARN_DOCUMENTATION_COMMENTS = YES;
				CLANG_WARN_EMPTY_BODY = YES;
				CLANG_WARN_ENUM_CONVERSION = YES;
				CLANG_WARN_INFINITE_RECURSION = YES;
				CLANG_WARN_INT_CONVERSION = YES;
				CLANG_WARN_NON_LITERAL_NULL_CONVERSION = YES;
				CLANG_WARN_OBJC_IMPLICIT_RETAIN_SELF = YES;
				CLANG_WARN_OBJC_LITERAL_CONVERSION = YES;
				CLANG_WARN_OBJC_ROOT_CLASS = YES_ERROR;
				CLANG_WARN_QUOTED_INCLUDE_IN_FRAMEWORK_HEADER = YES;
				CLANG_WARN_RANGE_LOOP_ANALYSIS = YES;
				CLANG_WARN_STRICT_PROTOTYPES = YES;
				CLANG_WARN_SUSPICIOUS_MOVE = YES;
				CLANG_WARN_UNGUARDED_AVAILABILITY = YES_AGGRESSIVE;
				CLANG_WARN_UNREACHABLE_CODE = YES;
				CLANG_WARN__DUPLICATE_METHOD_MATCH = YES;
				COPY_PHASE_STRIP = NO;
				DEBUG_INFORMATION_FORMAT = "dwarf-with-dsym";
				ENABLE_NS_ASSERTIONS = NO;
				ENABLE_STRICT_OBJC_MSGSEND = YES;
				ENABLE_USER_SCRIPT_SANDBOXING = YES;
				GCC_C_LANGUAGE_STANDARD = gnu17;
				GCC_NO_COMMON_BLOCKS = YES;
				GCC_WARN_64_TO_32_BIT_CONVERSION = YES;
				GCC_WARN_ABOUT_RETURN_TYPE = YES_ERROR;
				GCC_WARN_UNDECLARED_SELECTOR = YES;
				GCC_WARN_UNINITIALIZED_AUTOS = YES_AGGRESSIVE;
				GCC_WARN_UNUSED_FUNCTION = YES;
				GCC_WARN_UNUSED_VARIABLE = YES;
				IPHONEOS_DEPLOYMENT_TARGET = 17.2;
				LOCALIZATION_PREFERS_STRING_CATALOGS = YES;
				MTL_ENABLE_DEBUG_INFO = NO;
				MTL_FAST_MATH = YES;
				SDKROOT = iphoneos;
				SWIFT_COMPILATION_MODE = wholemodule;
				VALIDATE_PRODUCT = YES;
			};
			name = Release;
		};
		DDA6E8772CAC7284001E9E53 /* Debug */ = {
			isa = XCBuildConfiguration;
			buildSettings = {
				ASSETCATALOG_COMPILER_APPICON_NAME = AppIcon;
				ASSETCATALOG_COMPILER_GLOBAL_ACCENT_COLOR_NAME = AccentColor;
				CODE_SIGN_STYLE = Automatic;
				CURRENT_PROJECT_VERSION = 1;
				DEVELOPMENT_ASSET_PATHS = "\"PhotoExplorer/Preview Content\"";
				DEVELOPMENT_TEAM = MF28KYPW5Z;
				ENABLE_PREVIEWS = YES;
				GENERATE_INFOPLIST_FILE = YES;
				INFOPLIST_KEY_CFBundleDisplayName = "Photo Explorer";
				INFOPLIST_KEY_LSApplicationCategoryType = "public.app-category.photography";
				INFOPLIST_KEY_UIApplicationSceneManifest_Generation = YES;
				INFOPLIST_KEY_UIApplicationSupportsIndirectInputEvents = YES;
				INFOPLIST_KEY_UILaunchScreen_Generation = YES;
				INFOPLIST_KEY_UISupportedInterfaceOrientations_iPad = "UIInterfaceOrientationPortrait UIInterfaceOrientationPortraitUpsideDown UIInterfaceOrientationLandscapeLeft UIInterfaceOrientationLandscapeRight";
				INFOPLIST_KEY_UISupportedInterfaceOrientations_iPhone = "UIInterfaceOrientationPortrait UIInterfaceOrientationLandscapeLeft UIInterfaceOrientationLandscapeRight";
				LD_RUNPATH_SEARCH_PATHS = (
					"$(inherited)",
					"@executable_path/Frameworks",
				);
				MARKETING_VERSION = 1.0;
				PRODUCT_BUNDLE_IDENTIFIER = in.yyang.PhotoExplorer;
				PRODUCT_NAME = "$(TARGET_NAME)";
				SUPPORTED_PLATFORMS = "iphoneos iphonesimulator";
				SUPPORTS_MACCATALYST = NO;
				SUPPORTS_MAC_DESIGNED_FOR_IPHONE_IPAD = NO;
				SUPPORTS_XR_DESIGNED_FOR_IPHONE_IPAD = NO;
				SWIFT_EMIT_LOC_STRINGS = YES;
				SWIFT_VERSION = 5.0;
				TARGETED_DEVICE_FAMILY = "1,2";
			};
			name = Debug;
		};
		DDA6E8782CAC7284001E9E53 /* Release */ = {
			isa = XCBuildConfiguration;
			buildSettings = {
				ASSETCATALOG_COMPILER_APPICON_NAME = AppIcon;
				ASSETCATALOG_COMPILER_GLOBAL_ACCENT_COLOR_NAME = AccentColor;
				CODE_SIGN_STYLE = Automatic;
				CURRENT_PROJECT_VERSION = 1;
				DEVELOPMENT_ASSET_PATHS = "\"PhotoExplorer/Preview Content\"";
				DEVELOPMENT_TEAM = MF28KYPW5Z;
				ENABLE_PREVIEWS = YES;
				GENERATE_INFOPLIST_FILE = YES;
				INFOPLIST_KEY_CFBundleDisplayName = "Photo Explorer";
				INFOPLIST_KEY_LSApplicationCategoryType = "public.app-category.photography";
				INFOPLIST_KEY_UIApplicationSceneManifest_Generation = YES;
				INFOPLIST_KEY_UIApplicationSupportsIndirectInputEvents = YES;
				INFOPLIST_KEY_UILaunchScreen_Generation = YES;
				INFOPLIST_KEY_UISupportedInterfaceOrientations_iPad = "UIInterfaceOrientationPortrait UIInterfaceOrientationPortraitUpsideDown UIInterfaceOrientationLandscapeLeft UIInterfaceOrientationLandscapeRight";
				INFOPLIST_KEY_UISupportedInterfaceOrientations_iPhone = "UIInterfaceOrientationPortrait UIInterfaceOrientationLandscapeLeft UIInterfaceOrientationLandscapeRight";
				LD_RUNPATH_SEARCH_PATHS = (
					"$(inherited)",
					"@executable_path/Frameworks",
				);
				MARKETING_VERSION = 1.0;
				PRODUCT_BUNDLE_IDENTIFIER = in.yyang.PhotoExplorer;
				PRODUCT_NAME = "$(TARGET_NAME)";
				SUPPORTED_PLATFORMS = "iphoneos iphonesimulator";
				SUPPORTS_MACCATALYST = NO;
				SUPPORTS_MAC_DESIGNED_FOR_IPHONE_IPAD = NO;
				SUPPORTS_XR_DESIGNED_FOR_IPHONE_IPAD = NO;
				SWIFT_EMIT_LOC_STRINGS = YES;
				SWIFT_VERSION = 5.0;
				TARGETED_DEVICE_FAMILY = "1,2";
			};
			name = Release;
		};
		DDA6E87A2CAC7284001E9E53 /* Debug */ = {
			isa = XCBuildConfiguration;
			buildSettings = {
				ALWAYS_EMBED_SWIFT_STANDARD_LIBRARIES = YES;
				BUNDLE_LOADER = "$(TEST_HOST)";
				CODE_SIGN_STYLE = Automatic;
				CURRENT_PROJECT_VERSION = 1;
				DEVELOPMENT_TEAM = MF28KYPW5Z;
				GENERATE_INFOPLIST_FILE = YES;
				IPHONEOS_DEPLOYMENT_TARGET = 17.2;
				MARKETING_VERSION = 1.0;
				PRODUCT_BUNDLE_IDENTIFIER = in.yyang.PhotoExplorerTests;
				PRODUCT_NAME = "$(TARGET_NAME)";
				SWIFT_EMIT_LOC_STRINGS = NO;
				SWIFT_VERSION = 5.0;
				TARGETED_DEVICE_FAMILY = "1,2";
				TEST_HOST = "$(BUILT_PRODUCTS_DIR)/PhotoExplorer.app/$(BUNDLE_EXECUTABLE_FOLDER_PATH)/PhotoExplorer";
			};
			name = Debug;
		};
		DDA6E87B2CAC7284001E9E53 /* Release */ = {
			isa = XCBuildConfiguration;
			buildSettings = {
				ALWAYS_EMBED_SWIFT_STANDARD_LIBRARIES = YES;
				BUNDLE_LOADER = "$(TEST_HOST)";
				CODE_SIGN_STYLE = Automatic;
				CURRENT_PROJECT_VERSION = 1;
				DEVELOPMENT_TEAM = MF28KYPW5Z;
				GENERATE_INFOPLIST_FILE = YES;
				IPHONEOS_DEPLOYMENT_TARGET = 17.2;
				MARKETING_VERSION = 1.0;
				PRODUCT_BUNDLE_IDENTIFIER = in.yyang.PhotoExplorerTests;
				PRODUCT_NAME = "$(TARGET_NAME)";
				SWIFT_EMIT_LOC_STRINGS = NO;
				SWIFT_VERSION = 5.0;
				TARGETED_DEVICE_FAMILY = "1,2";
				TEST_HOST = "$(BUILT_PRODUCTS_DIR)/PhotoExplorer.app/$(BUNDLE_EXECUTABLE_FOLDER_PATH)/PhotoExplorer";
			};
			name = Release;
		};
		DDA6E87D2CAC7284001E9E53 /* Debug */ = {
			isa = XCBuildConfiguration;
			buildSettings = {
				ALWAYS_EMBED_SWIFT_STANDARD_LIBRARIES = YES;
				CODE_SIGN_STYLE = Automatic;
				CURRENT_PROJECT_VERSION = 1;
				DEVELOPMENT_TEAM = MF28KYPW5Z;
				GENERATE_INFOPLIST_FILE = YES;
				MARKETING_VERSION = 1.0;
				PRODUCT_BUNDLE_IDENTIFIER = in.yyang.PhotoExplorerUITests;
				PRODUCT_NAME = "$(TARGET_NAME)";
				SWIFT_EMIT_LOC_STRINGS = NO;
				SWIFT_VERSION = 5.0;
				TARGETED_DEVICE_FAMILY = "1,2";
				TEST_TARGET_NAME = PhotoExplorer;
			};
			name = Debug;
		};
		DDA6E87E2CAC7284001E9E53 /* Release */ = {
			isa = XCBuildConfiguration;
			buildSettings = {
				ALWAYS_EMBED_SWIFT_STANDARD_LIBRARIES = YES;
				CODE_SIGN_STYLE = Automatic;
				CURRENT_PROJECT_VERSION = 1;
				DEVELOPMENT_TEAM = MF28KYPW5Z;
				GENERATE_INFOPLIST_FILE = YES;
				MARKETING_VERSION = 1.0;
				PRODUCT_BUNDLE_IDENTIFIER = in.yyang.PhotoExplorerUITests;
				PRODUCT_NAME = "$(TARGET_NAME)";
				SWIFT_EMIT_LOC_STRINGS = NO;
				SWIFT_VERSION = 5.0;
				TARGETED_DEVICE_FAMILY = "1,2";
				TEST_TARGET_NAME = PhotoExplorer;
			};
			name = Release;
		};
/* End XCBuildConfiguration section */

/* Begin XCConfigurationList section */
		DDA6E84B2CAC7281001E9E53 /* Build configuration list for PBXProject "PhotoExplorer" */ = {
			isa = XCConfigurationList;
			buildConfigurations = (
				DDA6E8742CAC7284001E9E53 /* Debug */,
				DDA6E8752CAC7284001E9E53 /* Release */,
			);
			defaultConfigurationIsVisible = 0;
			defaultConfigurationName = Release;
		};
		DDA6E8762CAC7284001E9E53 /* Build configuration list for PBXNativeTarget "PhotoExplorer" */ = {
			isa = XCConfigurationList;
			buildConfigurations = (
				DDA6E8772CAC7284001E9E53 /* Debug */,
				DDA6E8782CAC7284001E9E53 /* Release */,
			);
			defaultConfigurationIsVisible = 0;
			defaultConfigurationName = Release;
		};
		DDA6E8792CAC7284001E9E53 /* Build configuration list for PBXNativeTarget "PhotoExplorerTests" */ = {
			isa = XCConfigurationList;
			buildConfigurations = (
				DDA6E87A2CAC7284001E9E53 /* Debug */,
				DDA6E87B2CAC7284001E9E53 /* Release */,
			);
			defaultConfigurationIsVisible = 0;
			defaultConfigurationName = Release;
		};
		DDA6E87C2CAC7284001E9E53 /* Build configuration list for PBXNativeTarget "PhotoExplorerUITests" */ = {
			isa = XCConfigurationList;
			buildConfigurations = (
				DDA6E87D2CAC7284001E9E53 /* Debug */,
				DDA6E87E2CAC7284001E9E53 /* Release */,
			);
			defaultConfigurationIsVisible = 0;
			defaultConfigurationName = Release;
		};
/* End XCConfigurationList section */
	};
	rootObject = DDA6E8482CAC7281001E9E53 /* Project object */;
}
